version = 1
revision = 2
requires-python = ">=3.9"

[[package]]
name = "bootcamp-python-2025"
version = "0.1.0"
source = { virtual = "." }
dependencies = [
    { name = "ty" },
]

[package.metadata]
requires-dist = [{ name = "ty", specifier = ">=0.0.1a14" }]

[[package]]
name = "ty"
version = "0.0.1a14"
source = { registry = "https://pypi.org/simple" }
sdist = { url = "https://files.pythonhosted.org/packages/b3/c2/743ef78f8ddcdd8a8e074b6ad6eb01fa5d8c110f5e25e0142087b175b212/ty-0.0.1a14.tar.gz", hash = "sha256:a9ecac10c63a7c193c78ef1a01956c7c579e4d8498d3ec77543fe31a5a9e3912", size = 3176178, upload-time = "2025-07-08T11:57:34.171Z" }
wheels = [
    { url = "https://files.pythonhosted.org/packages/66/10/4c29110e6571b00206962b219afa38e661001011bfc1b36bec4f74fdf51d/ty-0.0.1a14-py3-none-linux_armv6l.whl", hash = "sha256:165acd7a7c49d9cbd20b8fa72a7dab0ccceae935593618aba9218950fdbb0e08", size = 6969793, upload-time = "2025-07-08T11:57:07.349Z" },
    { url = "https://files.pythonhosted.org/packages/1b/bc/1d64ef953a53474725847a8bd3418e422218ed7024fe2bd9e3c9c2c859ce/ty-0.0.1a14-py3-none-macosx_10_12_x86_64.whl", hash = "sha256:54c357059f0c0d27f1efc544c0c9475f918d5cd579e7fa38365c5e2e4ef5868a", size = 7076030, upload-time = "2025-07-08T11:57:09.286Z" },
    { url = "https://files.pythonhosted.org/packages/de/b6/672bac4f24fab47def3c672a0a97d1eafbd6baef61b99ebefb805944c2a9/ty-0.0.1a14-py3-none-macosx_11_0_arm64.whl", hash = "sha256:c729efdddcfc7fe66df284a321cb2b8ea8c36f7e0a322176f0b5ffd3ca45db90", size = 6699358, upload-time = "2025-07-08T11:57:10.621Z" },
    { url = "https://files.pythonhosted.org/packages/99/1e/0a8d7a49c324584451309f96fc85f462e2b2052c216e82a2f689f9e477c0/ty-0.0.1a14-py3-none-manylinux_2_17_aarch64.manylinux2014_aarch64.whl", hash = "sha256:e593d549118e3794e11ab09e610520654a4c91a8c2ffaff8c31845067c2cf883", size = 6834240, upload-time = "2025-07-08T11:57:12.284Z" },
    { url = "https://files.pythonhosted.org/packages/5b/97/e57c49e7d5216af907ca83e4e4ede7471cef53284f90f8fe11f6051031d8/ty-0.0.1a14-py3-none-manylinux_2_17_armv7l.manylinux2014_armv7l.whl", hash = "sha256:679f715d9d4b5558231eafe6c4441a0a53c245a669ac2ba049c0996e538f7e88", size = 6810434, upload-time = "2025-07-08T11:57:13.643Z" },
    { url = "https://files.pythonhosted.org/packages/1b/0f/293680a83e7c86354b97a7e8cb08896338370eb169383c7b687aa3311f96/ty-0.0.1a14-py3-none-manylinux_2_17_i686.manylinux2014_i686.whl", hash = "sha256:541487c8b896c0094a32e91f96b2d6ee9bc3c1f1c0a9c5c781eef0002ca437a4", size = 7622086, upload-time = "2025-07-08T11:57:15.14Z" },
    { url = "https://files.pythonhosted.org/packages/2a/9c/f5d730903d65a0eb989d793a1d7e5a62f765841c45bef325403edf342810/ty-0.0.1a14-py3-none-manylinux_2_17_ppc64.manylinux2014_ppc64.whl", hash = "sha256:aa9ffb8a518762e78b0c6780475e89bfc8e040fb9832918b6bf79c5e8e96da92", size = 8073710, upload-time = "2025-07-08T11:57:16.512Z" },
    { url = "https://files.pythonhosted.org/packages/0e/09/f39d0f626df4841d39bdc8ae9052f91f65b45beff281bdf29a53efea79bf/ty-0.0.1a14-py3-none-manylinux_2_17_ppc64le.manylinux2014_ppc64le.whl", hash = "sha256:3bae3288461e3db28dd19f12d4f71d88f5be201283f6d8790d467cb87d9717bd", size = 7716213, upload-time = "2025-07-08T11:57:18.136Z" },
    { url = "https://files.pythonhosted.org/packages/68/5a/afdab1afec623ecede8108733228703bb4cb25fa8210ba16427fcd1c0429/ty-0.0.1a14-py3-none-manylinux_2_17_s390x.manylinux2014_s390x.whl", hash = "sha256:032ff6d43272c5a87ef2cf56773a4e44c370d98cdd129bc4b352d6c63c5348c7", size = 7559696, upload-time = "2025-07-08T11:57:19.816Z" },
    { url = "https://files.pythonhosted.org/packages/a7/26/e422f8ed5ca63b50bf87de5b4bc8fd15cb203a8d2690b2f447ccff0c74fb/ty-0.0.1a14-py3-none-manylinux_2_17_x86_64.manylinux2014_x86_64.whl", hash = "sha256:1cd7739be014ff5dee50b3a83252c7953cf278567079bde0e33c5203ff576d9b", size = 7375483, upload-time = "2025-07-08T11:57:21.525Z" },
    { url = "https://files.pythonhosted.org/packages/ea/f2/bb88da6ba64bfe5edff636738861a6b78050611da9540e372635e599ee4c/ty-0.0.1a14-py3-none-musllinux_1_2_aarch64.whl", hash = "sha256:5776cf7ea1000be79cd70d44fafe15b3695bac1a115806421402dfa79ba9953e", size = 6726122, upload-time = "2025-07-08T11:57:24.116Z" },
    { url = "https://files.pythonhosted.org/packages/93/96/62566786e9124b8f0f2fbced5e57046534e5835af83f9efb4a0c861f6a61/ty-0.0.1a14-py3-none-musllinux_1_2_armv7l.whl", hash = "sha256:10d62346a56a0d21c809ae885ca7513a1c54da8c94029664eeb68fbdd3effc02", size = 6839605, upload-time = "2025-07-08T11:57:25.705Z" },
    { url = "https://files.pythonhosted.org/packages/12/26/40b7e7388a5308cc53dd440cb24d1a95b3efd07c4a374fce9cd0fe777049/ty-0.0.1a14-py3-none-musllinux_1_2_i686.whl", hash = "sha256:7a5bb97658bf3fa054833bf3511499e1422a27dee7a3c10aff56d4daa3821d6d", size = 7268362, upload-time = "2025-07-08T11:57:27.012Z" },
    { url = "https://files.pythonhosted.org/packages/14/50/11f275d7cb413104dea1360a997ad373839ed0108980912605e59188afba/ty-0.0.1a14-py3-none-musllinux_1_2_x86_64.whl", hash = "sha256:a89c075ae1238d215de2343909952e872306791fbad96a8ffd119a83a3e0a914", size = 7435560, upload-time = "2025-07-08T11:57:28.673Z" },
    { url = "https://files.pythonhosted.org/packages/11/b6/468c98f9520515fd9a65ce5a51c9aa39f7f944cb8f320328839cef65d1f1/ty-0.0.1a14-py3-none-win32.whl", hash = "sha256:6c3e87f4549a1bf7524df074a4fe9a5815aff25e536c5fc6f1518b72e74a17cf", size = 6573723, upload-time = "2025-07-08T11:57:30.285Z" },
    { url = "https://files.pythonhosted.org/packages/1c/82/a771661d3d64e17688063dc5573e8eebc0683f581c843b840f5b03d108f7/ty-0.0.1a14-py3-none-win_amd64.whl", hash = "sha256:0ed6145dae24b68638037d7c82f094b22adfb48114678120cf392092973fad96", size = 7181298, upload-time = "2025-07-08T11:57:31.642Z" },
    { url = "https://files.pythonhosted.org/packages/9d/d0/68b106ddc25239d4a7114e64211aa5ad5d27488c1a318ab8ad057b88b4a7/ty-0.0.1a14-py3-none-win_arm64.whl", hash = "sha256:67717fbbb501c9deb11141662688804513082992aaeb5fdc6a3b7cd8e77eea8e", size = 6788031, upload-time = "2025-07-08T11:57:32.943Z" },
]
